
Microsoft Visual Studio Solution File, Format Version 12.00
# Visual Studio 2013
VisualStudioVersion = 12.0.30723.0
MinimumVisualStudioVersion = 10.0.40219.1
Project("{FAE04EC0-301F-11D3-BF4B-00C04F79EFBC}") = "MonoGameContent", "MonoGameContent\MonoGameContent.csproj", "{08A1D173-6A90-4F5A-A832-CA1851E4D824}"
EndProject
Project("{FAE04EC0-301F-11D3-BF4B-00C04F79EFBC}") = "Content", "Content\Content\Content.csproj", "{AF328301-13E4-4101-98C7-33E0723B6A65}"
EndProject
Project("{96E2B04D-8817-42C6-938A-82C39BA4D311}") = "ContentContent", "Content\ContentContent\ContentContent.contentproj", "{CC8F61BA-5057-4328-9769-47E3C2EC44FD}"
EndProject
Global
	GlobalSection(SolutionConfigurationPlatforms) = preSolution
		Android|Any CPU = Android|Any CPU
		Android|ARM = Android|ARM
		Android|Mixed Platforms = Android|Mixed Platforms
		Android|x86 = Android|x86
		Debug|Any CPU = Debug|Any CPU
		Debug|ARM = Debug|ARM
		Debug|Mixed Platforms = Debug|Mixed Platforms
		Debug|x86 = Debug|x86
		iOS|Any CPU = iOS|Any CPU
		iOS|ARM = iOS|ARM
		iOS|Mixed Platforms = iOS|Mixed Platforms
		iOS|x86 = iOS|x86
		Linux|Any CPU = Linux|Any CPU
		Linux|ARM = Linux|ARM
		Linux|Mixed Platforms = Linux|Mixed Platforms
		Linux|x86 = Linux|x86
		OSX|Any CPU = OSX|Any CPU
		OSX|ARM = OSX|ARM
		OSX|Mixed Platforms = OSX|Mixed Platforms
		OSX|x86 = OSX|x86
		PSM|Any CPU = PSM|Any CPU
		PSM|ARM = PSM|ARM
		PSM|Mixed Platforms = PSM|Mixed Platforms
		PSM|x86 = PSM|x86
		Release|Any CPU = Release|Any CPU
		Release|ARM = Release|ARM
		Release|Mixed Platforms = Release|Mixed Platforms
		Release|x86 = Release|x86
		Windows|Any CPU = Windows|Any CPU
		Windows|ARM = Windows|ARM
		Windows|Mixed Platforms = Windows|Mixed Platforms
		Windows|x86 = Windows|x86
		Windows8|Any CPU = Windows8|Any CPU
		Windows8|ARM = Windows8|ARM
		Windows8|Mixed Platforms = Windows8|Mixed Platforms
		Windows8|x86 = Windows8|x86
	EndGlobalSection
	GlobalSection(ProjectConfigurationPlatforms) = postSolution
		{08A1D173-6A90-4F5A-A832-CA1851E4D824}.Android|Any CPU.ActiveCfg = Release|x86
		{08A1D173-6A90-4F5A-A832-CA1851E4D824}.Android|ARM.ActiveCfg = Release|ARM
		{08A1D173-6A90-4F5A-A832-CA1851E4D824}.Android|ARM.Build.0 = Release|ARM
		{08A1D173-6A90-4F5A-A832-CA1851E4D824}.Android|ARM.Deploy.0 = Release|ARM
		{08A1D173-6A90-4F5A-A832-CA1851E4D824}.Android|Mixed Platforms.ActiveCfg = Release|x86
		{08A1D173-6A90-4F5A-A832-CA1851E4D824}.Android|Mixed Platforms.Build.0 = Release|x86
		{08A1D173-6A90-4F5A-A832-CA1851E4D824}.Android|Mixed Platforms.Deploy.0 = Release|x86
		{08A1D173-6A90-4F5A-A832-CA1851E4D824}.Android|x86.ActiveCfg = Release|x86
		{08A1D173-6A90-4F5A-A832-CA1851E4D824}.Android|x86.Build.0 = Release|x86
		{08A1D173-6A90-4F5A-A832-CA1851E4D824}.Android|x86.Deploy.0 = Release|x86
		{08A1D173-6A90-4F5A-A832-CA1851E4D824}.Debug|Any CPU.ActiveCfg = Debug|x86
		{08A1D173-6A90-4F5A-A832-CA1851E4D824}.Debug|ARM.ActiveCfg = Debug|ARM
		{08A1D173-6A90-4F5A-A832-CA1851E4D824}.Debug|ARM.Build.0 = Debug|ARM
		{08A1D173-6A90-4F5A-A832-CA1851E4D824}.Debug|ARM.Deploy.0 = Debug|ARM
		{08A1D173-6A90-4F5A-A832-CA1851E4D824}.Debug|Mixed Platforms.ActiveCfg = Debug|x86
		{08A1D173-6A90-4F5A-A832-CA1851E4D824}.Debug|Mixed Platforms.Build.0 = Debug|x86
		{08A1D173-6A90-4F5A-A832-CA1851E4D824}.Debug|Mixed Platforms.Deploy.0 = Debug|x86
		{08A1D173-6A90-4F5A-A832-CA1851E4D824}.Debug|x86.ActiveCfg = Debug|x86
		{08A1D173-6A90-4F5A-A832-CA1851E4D824}.Debug|x86.Build.0 = Debug|x86
		{08A1D173-6A90-4F5A-A832-CA1851E4D824}.Debug|x86.Deploy.0 = Debug|x86
		{08A1D173-6A90-4F5A-A832-CA1851E4D824}.iOS|Any CPU.ActiveCfg = Release|x86
		{08A1D173-6A90-4F5A-A832-CA1851E4D824}.iOS|ARM.ActiveCfg = Release|ARM
		{08A1D173-6A90-4F5A-A832-CA1851E4D824}.iOS|ARM.Build.0 = Release|ARM
		{08A1D173-6A90-4F5A-A832-CA1851E4D824}.iOS|ARM.Deploy.0 = Release|ARM
		{08A1D173-6A90-4F5A-A832-CA1851E4D824}.iOS|Mixed Platforms.ActiveCfg = Release|x86
		{08A1D173-6A90-4F5A-A832-CA1851E4D824}.iOS|Mixed Platforms.Build.0 = Release|x86
		{08A1D173-6A90-4F5A-A832-CA1851E4D824}.iOS|Mixed Platforms.Deploy.0 = Release|x86
		{08A1D173-6A90-4F5A-A832-CA1851E4D824}.iOS|x86.ActiveCfg = Release|x86
		{08A1D173-6A90-4F5A-A832-CA1851E4D824}.iOS|x86.Build.0 = Release|x86
		{08A1D173-6A90-4F5A-A832-CA1851E4D824}.iOS|x86.Deploy.0 = Release|x86
		{08A1D173-6A90-4F5A-A832-CA1851E4D824}.Linux|Any CPU.ActiveCfg = Release|x86
		{08A1D173-6A90-4F5A-A832-CA1851E4D824}.Linux|ARM.ActiveCfg = Release|ARM
		{08A1D173-6A90-4F5A-A832-CA1851E4D824}.Linux|ARM.Build.0 = Release|ARM
		{08A1D173-6A90-4F5A-A832-CA1851E4D824}.Linux|ARM.Deploy.0 = Release|ARM
		{08A1D173-6A90-4F5A-A832-CA1851E4D824}.Linux|Mixed Platforms.ActiveCfg = Release|x86
		{08A1D173-6A90-4F5A-A832-CA1851E4D824}.Linux|Mixed Platforms.Build.0 = Release|x86
		{08A1D173-6A90-4F5A-A832-CA1851E4D824}.Linux|Mixed Platforms.Deploy.0 = Release|x86
		{08A1D173-6A90-4F5A-A832-CA1851E4D824}.Linux|x86.ActiveCfg = Release|x86
		{08A1D173-6A90-4F5A-A832-CA1851E4D824}.Linux|x86.Build.0 = Release|x86
		{08A1D173-6A90-4F5A-A832-CA1851E4D824}.Linux|x86.Deploy.0 = Release|x86
		{08A1D173-6A90-4F5A-A832-CA1851E4D824}.OSX|Any CPU.ActiveCfg = Release|x86
		{08A1D173-6A90-4F5A-A832-CA1851E4D824}.OSX|ARM.ActiveCfg = Release|ARM
		{08A1D173-6A90-4F5A-A832-CA1851E4D824}.OSX|ARM.Build.0 = Release|ARM
		{08A1D173-6A90-4F5A-A832-CA1851E4D824}.OSX|ARM.Deploy.0 = Release|ARM
		{08A1D173-6A90-4F5A-A832-CA1851E4D824}.OSX|Mixed Platforms.ActiveCfg = Release|x86
		{08A1D173-6A90-4F5A-A832-CA1851E4D824}.OSX|Mixed Platforms.Build.0 = Release|x86
		{08A1D173-6A90-4F5A-A832-CA1851E4D824}.OSX|Mixed Platforms.Deploy.0 = Release|x86
		{08A1D173-6A90-4F5A-A832-CA1851E4D824}.OSX|x86.ActiveCfg = Release|x86
		{08A1D173-6A90-4F5A-A832-CA1851E4D824}.OSX|x86.Build.0 = Release|x86
		{08A1D173-6A90-4F5A-A832-CA1851E4D824}.OSX|x86.Deploy.0 = Release|x86
		{08A1D173-6A90-4F5A-A832-CA1851E4D824}.PSM|Any CPU.ActiveCfg = Release|x86
		{08A1D173-6A90-4F5A-A832-CA1851E4D824}.PSM|ARM.ActiveCfg = Release|ARM
		{08A1D173-6A90-4F5A-A832-CA1851E4D824}.PSM|ARM.Build.0 = Release|ARM
		{08A1D173-6A90-4F5A-A832-CA1851E4D824}.PSM|ARM.Deploy.0 = Release|ARM
		{08A1D173-6A90-4F5A-A832-CA1851E4D824}.PSM|Mixed Platforms.ActiveCfg = Release|x86
		{08A1D173-6A90-4F5A-A832-CA1851E4D824}.PSM|Mixed Platforms.Build.0 = Release|x86
		{08A1D173-6A90-4F5A-A832-CA1851E4D824}.PSM|Mixed Platforms.Deploy.0 = Release|x86
		{08A1D173-6A90-4F5A-A832-CA1851E4D824}.PSM|x86.ActiveCfg = Release|x86
		{08A1D173-6A90-4F5A-A832-CA1851E4D824}.PSM|x86.Build.0 = Release|x86
		{08A1D173-6A90-4F5A-A832-CA1851E4D824}.PSM|x86.Deploy.0 = Release|x86
		{08A1D173-6A90-4F5A-A832-CA1851E4D824}.Release|Any CPU.ActiveCfg = Release|x86
		{08A1D173-6A90-4F5A-A832-CA1851E4D824}.Release|ARM.ActiveCfg = Release|ARM
		{08A1D173-6A90-4F5A-A832-CA1851E4D824}.Release|ARM.Build.0 = Release|ARM
		{08A1D173-6A90-4F5A-A832-CA1851E4D824}.Release|ARM.Deploy.0 = Release|ARM
		{08A1D173-6A90-4F5A-A832-CA1851E4D824}.Release|Mixed Platforms.ActiveCfg = Release|x86
		{08A1D173-6A90-4F5A-A832-CA1851E4D824}.Release|Mixed Platforms.Build.0 = Release|x86
		{08A1D173-6A90-4F5A-A832-CA1851E4D824}.Release|Mixed Platforms.Deploy.0 = Release|x86
		{08A1D173-6A90-4F5A-A832-CA1851E4D824}.Release|x86.ActiveCfg = Release|x86
		{08A1D173-6A90-4F5A-A832-CA1851E4D824}.Release|x86.Build.0 = Release|x86
		{08A1D173-6A90-4F5A-A832-CA1851E4D824}.Release|x86.Deploy.0 = Release|x86
		{08A1D173-6A90-4F5A-A832-CA1851E4D824}.Windows|Any CPU.ActiveCfg = Release|x86
		{08A1D173-6A90-4F5A-A832-CA1851E4D824}.Windows|ARM.ActiveCfg = Release|ARM
		{08A1D173-6A90-4F5A-A832-CA1851E4D824}.Windows|ARM.Build.0 = Release|ARM
		{08A1D173-6A90-4F5A-A832-CA1851E4D824}.Windows|ARM.Deploy.0 = Release|ARM
		{08A1D173-6A90-4F5A-A832-CA1851E4D824}.Windows|Mixed Platforms.ActiveCfg = Release|x86
		{08A1D173-6A90-4F5A-A832-CA1851E4D824}.Windows|Mixed Platforms.Build.0 = Release|x86
		{08A1D173-6A90-4F5A-A832-CA1851E4D824}.Windows|Mixed Platforms.Deploy.0 = Release|x86
		{08A1D173-6A90-4F5A-A832-CA1851E4D824}.Windows|x86.ActiveCfg = Release|x86
		{08A1D173-6A90-4F5A-A832-CA1851E4D824}.Windows|x86.Build.0 = Release|x86
		{08A1D173-6A90-4F5A-A832-CA1851E4D824}.Windows|x86.Deploy.0 = Release|x86
		{08A1D173-6A90-4F5A-A832-CA1851E4D824}.Windows8|Any CPU.ActiveCfg = Release|x86
		{08A1D173-6A90-4F5A-A832-CA1851E4D824}.Windows8|ARM.ActiveCfg = Release|ARM
		{08A1D173-6A90-4F5A-A832-CA1851E4D824}.Windows8|ARM.Build.0 = Release|ARM
		{08A1D173-6A90-4F5A-A832-CA1851E4D824}.Windows8|ARM.Deploy.0 = Release|ARM
		{08A1D173-6A90-4F5A-A832-CA1851E4D824}.Windows8|Mixed Platforms.ActiveCfg = Release|x86
		{08A1D173-6A90-4F5A-A832-CA1851E4D824}.Windows8|Mixed Platforms.Build.0 = Release|x86
		{08A1D173-6A90-4F5A-A832-CA1851E4D824}.Windows8|Mixed Platforms.Deploy.0 = Release|x86
		{08A1D173-6A90-4F5A-A832-CA1851E4D824}.Windows8|x86.ActiveCfg = Release|x86
		{08A1D173-6A90-4F5A-A832-CA1851E4D824}.Windows8|x86.Build.0 = Release|x86
		{08A1D173-6A90-4F5A-A832-CA1851E4D824}.Windows8|x86.Deploy.0 = Release|x86
		{AF328301-13E4-4101-98C7-33E0723B6A65}.Android|Any CPU.ActiveCfg = Android|Any CPU
		{AF328301-13E4-4101-98C7-33E0723B6A65}.Android|Any CPU.Build.0 = Android|Any CPU
		{AF328301-13E4-4101-98C7-33E0723B6A65}.Android|ARM.ActiveCfg = Android|Any CPU
		{AF328301-13E4-4101-98C7-33E0723B6A65}.Android|Mixed Platforms.ActiveCfg = Android|Any CPU
		{AF328301-13E4-4101-98C7-33E0723B6A65}.Android|Mixed Platforms.Build.0 = Android|Any CPU
		{AF328301-13E4-4101-98C7-33E0723B6A65}.Android|x86.ActiveCfg = Android|Any CPU
		{AF328301-13E4-4101-98C7-33E0723B6A65}.Debug|Any CPU.ActiveCfg = PSM|Any CPU
		{AF328301-13E4-4101-98C7-33E0723B6A65}.Debug|Any CPU.Build.0 = PSM|Any CPU
		{AF328301-13E4-4101-98C7-33E0723B6A65}.Debug|ARM.ActiveCfg = PSM|Any CPU
		{AF328301-13E4-4101-98C7-33E0723B6A65}.Debug|Mixed Platforms.ActiveCfg = PSM|Any CPU
		{AF328301-13E4-4101-98C7-33E0723B6A65}.Debug|Mixed Platforms.Build.0 = PSM|Any CPU
		{AF328301-13E4-4101-98C7-33E0723B6A65}.Debug|x86.ActiveCfg = PSM|Any CPU
		{AF328301-13E4-4101-98C7-33E0723B6A65}.iOS|Any CPU.ActiveCfg = iOS|Any CPU
		{AF328301-13E4-4101-98C7-33E0723B6A65}.iOS|Any CPU.Build.0 = iOS|Any CPU
		{AF328301-13E4-4101-98C7-33E0723B6A65}.iOS|ARM.ActiveCfg = iOS|Any CPU
		{AF328301-13E4-4101-98C7-33E0723B6A65}.iOS|Mixed Platforms.ActiveCfg = iOS|Any CPU
		{AF328301-13E4-4101-98C7-33E0723B6A65}.iOS|Mixed Platforms.Build.0 = iOS|Any CPU
		{AF328301-13E4-4101-98C7-33E0723B6A65}.iOS|x86.ActiveCfg = iOS|Any CPU
		{AF328301-13E4-4101-98C7-33E0723B6A65}.Linux|Any CPU.ActiveCfg = Linux|Any CPU
		{AF328301-13E4-4101-98C7-33E0723B6A65}.Linux|Any CPU.Build.0 = Linux|Any CPU
		{AF328301-13E4-4101-98C7-33E0723B6A65}.Linux|ARM.ActiveCfg = Linux|Any CPU
		{AF328301-13E4-4101-98C7-33E0723B6A65}.Linux|Mixed Platforms.ActiveCfg = Linux|Any CPU
		{AF328301-13E4-4101-98C7-33E0723B6A65}.Linux|Mixed Platforms.Build.0 = Linux|Any CPU
		{AF328301-13E4-4101-98C7-33E0723B6A65}.Linux|x86.ActiveCfg = Linux|Any CPU
		{AF328301-13E4-4101-98C7-33E0723B6A65}.OSX|Any CPU.ActiveCfg = OSX|Any CPU
		{AF328301-13E4-4101-98C7-33E0723B6A65}.OSX|Any CPU.Build.0 = OSX|Any CPU
		{AF328301-13E4-4101-98C7-33E0723B6A65}.OSX|ARM.ActiveCfg = OSX|Any CPU
		{AF328301-13E4-4101-98C7-33E0723B6A65}.OSX|Mixed Platforms.ActiveCfg = OSX|Any CPU
		{AF328301-13E4-4101-98C7-33E0723B6A65}.OSX|Mixed Platforms.Build.0 = OSX|Any CPU
		{AF328301-13E4-4101-98C7-33E0723B6A65}.OSX|x86.ActiveCfg = OSX|Any CPU
		{AF328301-13E4-4101-98C7-33E0723B6A65}.PSM|Any CPU.ActiveCfg = PSM|Any CPU
		{AF328301-13E4-4101-98C7-33E0723B6A65}.PSM|Any CPU.Build.0 = PSM|Any CPU
		{AF328301-13E4-4101-98C7-33E0723B6A65}.PSM|ARM.ActiveCfg = PSM|Any CPU
		{AF328301-13E4-4101-98C7-33E0723B6A65}.PSM|Mixed Platforms.ActiveCfg = PSM|Any CPU
		{AF328301-13E4-4101-98C7-33E0723B6A65}.PSM|Mixed Platforms.Build.0 = PSM|Any CPU
		{AF328301-13E4-4101-98C7-33E0723B6A65}.PSM|x86.ActiveCfg = PSM|Any CPU
		{AF328301-13E4-4101-98C7-33E0723B6A65}.Release|Any CPU.ActiveCfg = PSM|Any CPU
		{AF328301-13E4-4101-98C7-33E0723B6A65}.Release|Any CPU.Build.0 = PSM|Any CPU
		{AF328301-13E4-4101-98C7-33E0723B6A65}.Release|ARM.ActiveCfg = PSM|Any CPU
		{AF328301-13E4-4101-98C7-33E0723B6A65}.Release|Mixed Platforms.ActiveCfg = PSM|Any CPU
		{AF328301-13E4-4101-98C7-33E0723B6A65}.Release|Mixed Platforms.Build.0 = PSM|Any CPU
		{AF328301-13E4-4101-98C7-33E0723B6A65}.Release|x86.ActiveCfg = PSM|Any CPU
		{AF328301-13E4-4101-98C7-33E0723B6A65}.Windows|Any CPU.ActiveCfg = Windows|Any CPU
		{AF328301-13E4-4101-98C7-33E0723B6A65}.Windows|Any CPU.Build.0 = Windows|Any CPU
		{AF328301-13E4-4101-98C7-33E0723B6A65}.Windows|ARM.ActiveCfg = Windows|Any CPU
		{AF328301-13E4-4101-98C7-33E0723B6A65}.Windows|Mixed Platforms.ActiveCfg = Windows|Any CPU
		{AF328301-13E4-4101-98C7-33E0723B6A65}.Windows|Mixed Platforms.Build.0 = Windows|Any CPU
		{AF328301-13E4-4101-98C7-33E0723B6A65}.Windows|x86.ActiveCfg = Windows|Any CPU
		{AF328301-13E4-4101-98C7-33E0723B6A65}.Windows8|Any CPU.ActiveCfg = Windows8|Any CPU
		{AF328301-13E4-4101-98C7-33E0723B6A65}.Windows8|Any CPU.Build.0 = Windows8|Any CPU
		{AF328301-13E4-4101-98C7-33E0723B6A65}.Windows8|ARM.ActiveCfg = Windows8|Any CPU
		{AF328301-13E4-4101-98C7-33E0723B6A65}.Windows8|Mixed Platforms.ActiveCfg = Windows8|Any CPU
		{AF328301-13E4-4101-98C7-33E0723B6A65}.Windows8|Mixed Platforms.Build.0 = Windows8|Any CPU
		{AF328301-13E4-4101-98C7-33E0723B6A65}.Windows8|x86.ActiveCfg = Windows8|Any CPU
		{CC8F61BA-5057-4328-9769-47E3C2EC44FD}.Android|Any CPU.ActiveCfg = Android|Any CPU
		{CC8F61BA-5057-4328-9769-47E3C2EC44FD}.Android|ARM.ActiveCfg = Android|Any CPU
		{CC8F61BA-5057-4328-9769-47E3C2EC44FD}.Android|Mixed Platforms.ActiveCfg = Android|Any CPU
		{CC8F61BA-5057-4328-9769-47E3C2EC44FD}.Android|x86.ActiveCfg = Android|Any CPU
		{CC8F61BA-5057-4328-9769-47E3C2EC44FD}.Debug|Any CPU.ActiveCfg = PSM|Any CPU
		{CC8F61BA-5057-4328-9769-47E3C2EC44FD}.Debug|ARM.ActiveCfg = PSM|Any CPU
		{CC8F61BA-5057-4328-9769-47E3C2EC44FD}.Debug|Mixed Platforms.ActiveCfg = PSM|Any CPU
		{CC8F61BA-5057-4328-9769-47E3C2EC44FD}.Debug|x86.ActiveCfg = PSM|Any CPU
		{CC8F61BA-5057-4328-9769-47E3C2EC44FD}.iOS|Any CPU.ActiveCfg = iOS|Any CPU
		{CC8F61BA-5057-4328-9769-47E3C2EC44FD}.iOS|ARM.ActiveCfg = iOS|Any CPU
		{CC8F61BA-5057-4328-9769-47E3C2EC44FD}.iOS|Mixed Platforms.ActiveCfg = iOS|Any CPU
		{CC8F61BA-5057-4328-9769-47E3C2EC44FD}.iOS|x86.ActiveCfg = iOS|Any CPU
		{CC8F61BA-5057-4328-9769-47E3C2EC44FD}.Linux|Any CPU.ActiveCfg = Linux|Any CPU
		{CC8F61BA-5057-4328-9769-47E3C2EC44FD}.Linux|ARM.ActiveCfg = Linux|Any CPU
		{CC8F61BA-5057-4328-9769-47E3C2EC44FD}.Linux|Mixed Platforms.ActiveCfg = Linux|Any CPU
		{CC8F61BA-5057-4328-9769-47E3C2EC44FD}.Linux|x86.ActiveCfg = Linux|Any CPU
		{CC8F61BA-5057-4328-9769-47E3C2EC44FD}.OSX|Any CPU.ActiveCfg = OSX|Any CPU
		{CC8F61BA-5057-4328-9769-47E3C2EC44FD}.OSX|ARM.ActiveCfg = OSX|Any CPU
		{CC8F61BA-5057-4328-9769-47E3C2EC44FD}.OSX|Mixed Platforms.ActiveCfg = OSX|Any CPU
		{CC8F61BA-5057-4328-9769-47E3C2EC44FD}.OSX|x86.ActiveCfg = OSX|Any CPU
		{CC8F61BA-5057-4328-9769-47E3C2EC44FD}.PSM|Any CPU.ActiveCfg = PSM|Any CPU
		{CC8F61BA-5057-4328-9769-47E3C2EC44FD}.PSM|ARM.ActiveCfg = PSM|Any CPU
		{CC8F61BA-5057-4328-9769-47E3C2EC44FD}.PSM|Mixed Platforms.ActiveCfg = PSM|Any CPU
		{CC8F61BA-5057-4328-9769-47E3C2EC44FD}.PSM|x86.ActiveCfg = PSM|Any CPU
		{CC8F61BA-5057-4328-9769-47E3C2EC44FD}.Release|Any CPU.ActiveCfg = PSM|Any CPU
		{CC8F61BA-5057-4328-9769-47E3C2EC44FD}.Release|ARM.ActiveCfg = PSM|Any CPU
		{CC8F61BA-5057-4328-9769-47E3C2EC44FD}.Release|Mixed Platforms.ActiveCfg = PSM|Any CPU
		{CC8F61BA-5057-4328-9769-47E3C2EC44FD}.Release|x86.ActiveCfg = PSM|Any CPU
		{CC8F61BA-5057-4328-9769-47E3C2EC44FD}.Windows|Any CPU.ActiveCfg = Windows|Any CPU
		{CC8F61BA-5057-4328-9769-47E3C2EC44FD}.Windows|ARM.ActiveCfg = Windows|Any CPU
		{CC8F61BA-5057-4328-9769-47E3C2EC44FD}.Windows|Mixed Platforms.ActiveCfg = Windows|Any CPU
		{CC8F61BA-5057-4328-9769-47E3C2EC44FD}.Windows|x86.ActiveCfg = Windows|Any CPU
		{CC8F61BA-5057-4328-9769-47E3C2EC44FD}.Windows8|Any CPU.ActiveCfg = Windows8|Any CPU
		{CC8F61BA-5057-4328-9769-47E3C2EC44FD}.Windows8|ARM.ActiveCfg = Windows8|Any CPU
		{CC8F61BA-5057-4328-9769-47E3C2EC44FD}.Windows8|Mixed Platforms.ActiveCfg = Windows8|Any CPU
		{CC8F61BA-5057-4328-9769-47E3C2EC44FD}.Windows8|x86.ActiveCfg = Windows8|Any CPU
	EndGlobalSection
	GlobalSection(SolutionProperties) = preSolution
		HideSolutionNode = FALSE
	EndGlobalSection
EndGlobal
